{
  "name": "DeviniAi",
  "lockfileVersion": 3,
  "requires": true,
  "packages": {
    "": {
      "dependencies": {
        "@webcontainer/api": "^1.6.1",
        "highlight.js": "^11.11.1",
        "markdown-to-jsx": "^7.7.13"
      }
    },
    "node_modules/@webcontainer/api": {
      "version": "1.6.1",
      "resolved": "https://registry.npmjs.org/@webcontainer/api/-/api-1.6.1.tgz",
      "integrity": "sha512-2RS2KiIw32BY1Icf6M1DvqSmcon9XICZCDgS29QJb2NmF12ZY2V5Ia+949hMKB3Wno+P/Y8W+sPP59PZeXSELg==",
      "license": "MIT"
    },
    "node_modules/highlight.js": {
      "version": "11.11.1",
      "resolved": "https://registry.npmjs.org/highlight.js/-/highlight.js-11.11.1.tgz",
      "integrity": "sha512-Xwwo44whKBVCYoliBQwaPvtd/2tYFkRQtXDWj1nackaV2JPXx3L0+Jvd8/qCJ2p+ML0/XVkJ2q+Mr+UVdpJK5w==",
      "license": "BSD-3-Clause",
      "engines": {
        "node": ">=12.0.0"
      }
    },
    "node_modules/markdown-to-jsx": {
      "version": "7.7.13",
      "resolved": "https://registry.npmjs.org/markdown-to-jsx/-/markdown-to-jsx-7.7.13.tgz",
      "integrity": "sha512-DiueEq2bttFcSxUs85GJcQVrOr0+VVsPfj9AEUPqmExJ3f8P/iQNvZHltV4tm1XVhu1kl0vWBZWT3l99izRMaA==",
      "license": "MIT",
      "engines": {
        "node": ">= 10"
      },
      "peerDependencies": {
        "react": ">= 0.14.0"
      }
    },
    "node_modules/react": {
      "version": "19.1.1",
      "resolved": "https://registry.npmjs.org/react/-/react-19.1.1.tgz",
      "integrity": "sha512-w8nqGImo45dmMIfljjMwOGtbmC/mk4CMYhWIicdSflH91J9TyCyczcPFXJzrZ/ZXcgGRFeP6BU0BEJTw6tZdfQ==",
      "license": "MIT",
      "peer": true,
      "engines": {
        "node": ">=0.10.0"
      }
    }
  }
}
